
Microsoft Visual Studio Solution File, Format Version 12.00
# Visual Studio Version 17
VisualStudioVersion = 17.13.35931.197 d17.13
MinimumVisualStudioVersion = 10.0.40219.1
Project("{8BC9CEB8-8B4A-11D0-8D11-00A0C91BC942}") = "물리 프로그래밍", "물리 프로그래밍\물리 프로그래밍.vcxproj", "{04F3D35F-66B1-45F0-A675-13152475B434}"
EndProject
Global
	GlobalSection(SolutionConfigurationPlatforms) = preSolution
		Debug|x64 = Debug|x64
		Debug|x86 = Debug|x86
		Release|x64 = Release|x64
		Release|x86 = Release|x86
	EndGlobalSection
	GlobalSection(ProjectConfigurationPlatforms) = postSolution
		{04F3D35F-66B1-45F0-A675-13152475B434}.Debug|x64.ActiveCfg = Debug|x64
		{04F3D35F-66B1-45F0-A675-13152475B434}.Debug|x64.Build.0 = Debug|x64
		{04F3D35F-66B1-45F0-A675-13152475B434}.Debug|x86.ActiveCfg = Debug|Win32
		{04F3D35F-66B1-45F0-A675-13152475B434}.Debug|x86.Build.0 = Debug|Win32
		{04F3D35F-66B1-45F0-A675-13152475B434}.Release|x64.ActiveCfg = Release|x64
		{04F3D35F-66B1-45F0-A675-13152475B434}.Release|x64.Build.0 = Release|x64
		{04F3D35F-66B1-45F0-A675-13152475B434}.Release|x86.ActiveCfg = Release|Win32
		{04F3D35F-66B1-45F0-A675-13152475B434}.Release|x86.Build.0 = Release|Win32
	EndGlobalSection
	GlobalSection(SolutionProperties) = preSolution
		HideSolutionNode = FALSE
	EndGlobalSection
	GlobalSection(ExtensibilityGlobals) = postSolution
		SolutionGuid = {E1B69231-6148-42BF-9BB7-F9AC0193410D}
	EndGlobalSection
EndGlobal
